
Microsoft Visual Studio Solution File, Format Version 12.00
# Visual Studio 15
VisualStudioVersion = 15.0.28307.329
MinimumVisualStudioVersion = 10.0.40219.1
Project("{FAE04EC0-301F-11D3-BF4B-00C04F79EFBC}") = "AlgonDS", "AlgonDS\AlgonDS.csproj", "{277CD2F1-39F9-4AD2-ABDA-1B68F5190692}"
EndProject
Project("{FAE04EC0-301F-11D3-BF4B-00C04F79EFBC}") = "TestAlognDS", "TestAlognDS\TestAlognDS.csproj", "{DCFA8758-2152-4225-988D-9E4D1FE47CB0}"
EndProject
Global
	GlobalSection(SolutionConfigurationPlatforms) = preSolution
		Debug|Any CPU = Debug|Any CPU
		Release|Any CPU = Release|Any CPU
	EndGlobalSection
	GlobalSection(ProjectConfigurationPlatforms) = postSolution
		{277CD2F1-39F9-4AD2-ABDA-1B68F5190692}.Debug|Any CPU.ActiveCfg = Debug|Any CPU
		{277CD2F1-39F9-4AD2-ABDA-1B68F5190692}.Debug|Any CPU.Build.0 = Debug|Any CPU
		{277CD2F1-39F9-4AD2-ABDA-1B68F5190692}.Release|Any CPU.ActiveCfg = Release|Any CPU
		{277CD2F1-39F9-4AD2-ABDA-1B68F5190692}.Release|Any CPU.Build.0 = Release|Any CPU
		{DCFA8758-2152-4225-988D-9E4D1FE47CB0}.Debug|Any CPU.ActiveCfg = Debug|Any CPU
		{DCFA8758-2152-4225-988D-9E4D1FE47CB0}.Debug|Any CPU.Build.0 = Debug|Any CPU
		{DCFA8758-2152-4225-988D-9E4D1FE47CB0}.Release|Any CPU.ActiveCfg = Release|Any CPU
		{DCFA8758-2152-4225-988D-9E4D1FE47CB0}.Release|Any CPU.Build.0 = Release|Any CPU
	EndGlobalSection
	GlobalSection(SolutionProperties) = preSolution
		HideSolutionNode = FALSE
	EndGlobalSection
	GlobalSection(ExtensibilityGlobals) = postSolution
		SolutionGuid = {EC212794-147A-48AF-AD75-06B7909FB7DE}
	EndGlobalSection
EndGlobal
